
Microsoft Visual Studio Solution File, Format Version 12.00
# Visual Studio Version 16
VisualStudioVersion = 16.0.31424.327
MinimumVisualStudioVersion = 10.0.40219.1
Project("{FAE04EC0-301F-11D3-BF4B-00C04F79EFBC}") = "Uri test Gasto de Combustível", "Uri test Gasto de Combustível.csproj", "{F68695A9-5C08-4393-9040-88482F9BB382}"
EndProject
Global
	GlobalSection(SolutionConfigurationPlatforms) = preSolution
		Debug|Any CPU = Debug|Any CPU
		Release|Any CPU = Release|Any CPU
	EndGlobalSection
	GlobalSection(ProjectConfigurationPlatforms) = postSolution
		{F68695A9-5C08-4393-9040-88482F9BB382}.Debug|Any CPU.ActiveCfg = Debug|Any CPU
		{F68695A9-5C08-4393-9040-88482F9BB382}.Debug|Any CPU.Build.0 = Debug|Any CPU
		{F68695A9-5C08-4393-9040-88482F9BB382}.Release|Any CPU.ActiveCfg = Release|Any CPU
		{F68695A9-5C08-4393-9040-88482F9BB382}.Release|Any CPU.Build.0 = Release|Any CPU
	EndGlobalSection
	GlobalSection(SolutionProperties) = preSolution
		HideSolutionNode = FALSE
	EndGlobalSection
	GlobalSection(ExtensibilityGlobals) = postSolution
		SolutionGuid = {E97C652E-646A-49C8-AC2D-BEE4D5C3DC5A}
	EndGlobalSection
EndGlobal
