
Microsoft Visual Studio Solution File, Format Version 12.00
# Visual Studio Version 16
VisualStudioVersion = 16.0.31424.327
MinimumVisualStudioVersion = 10.0.40219.1
Project("{FAE04EC0-301F-11D3-BF4B-00C04F79EFBC}") = "Uri teste  Cálculo Diferença", "Uri teste  Cálculo Diferença\Uri teste  Cálculo Diferença.csproj", "{CFA99ACD-BB86-4C66-AB4D-ED0DF1507450}"
EndProject
Global
	GlobalSection(SolutionConfigurationPlatforms) = preSolution
		Debug|Any CPU = Debug|Any CPU
		Release|Any CPU = Release|Any CPU
	EndGlobalSection
	GlobalSection(ProjectConfigurationPlatforms) = postSolution
		{CFA99ACD-BB86-4C66-AB4D-ED0DF1507450}.Debug|Any CPU.ActiveCfg = Debug|Any CPU
		{CFA99ACD-BB86-4C66-AB4D-ED0DF1507450}.Debug|Any CPU.Build.0 = Debug|Any CPU
		{CFA99ACD-BB86-4C66-AB4D-ED0DF1507450}.Release|Any CPU.ActiveCfg = Release|Any CPU
		{CFA99ACD-BB86-4C66-AB4D-ED0DF1507450}.Release|Any CPU.Build.0 = Release|Any CPU
	EndGlobalSection
	GlobalSection(SolutionProperties) = preSolution
		HideSolutionNode = FALSE
	EndGlobalSection
	GlobalSection(ExtensibilityGlobals) = postSolution
		SolutionGuid = {D1251097-A2F9-4D3F-BED8-475A1545B052}
	EndGlobalSection
EndGlobal
