
Microsoft Visual Studio Solution File, Format Version 12.00
# Visual Studio Version 16
VisualStudioVersion = 16.0.31424.327
MinimumVisualStudioVersion = 10.0.40219.1
Project("{FAE04EC0-301F-11D3-BF4B-00C04F79EFBC}") = "Uri teste Calcuo Salário", "Uri teste Calcuo Salário\Uri teste Calcuo Salário.csproj", "{43666B1E-2AC6-4352-BB22-2E1CC885AE7C}"
EndProject
Global
	GlobalSection(SolutionConfigurationPlatforms) = preSolution
		Debug|Any CPU = Debug|Any CPU
		Release|Any CPU = Release|Any CPU
	EndGlobalSection
	GlobalSection(ProjectConfigurationPlatforms) = postSolution
		{43666B1E-2AC6-4352-BB22-2E1CC885AE7C}.Debug|Any CPU.ActiveCfg = Debug|Any CPU
		{43666B1E-2AC6-4352-BB22-2E1CC885AE7C}.Debug|Any CPU.Build.0 = Debug|Any CPU
		{43666B1E-2AC6-4352-BB22-2E1CC885AE7C}.Release|Any CPU.ActiveCfg = Release|Any CPU
		{43666B1E-2AC6-4352-BB22-2E1CC885AE7C}.Release|Any CPU.Build.0 = Release|Any CPU
	EndGlobalSection
	GlobalSection(SolutionProperties) = preSolution
		HideSolutionNode = FALSE
	EndGlobalSection
	GlobalSection(ExtensibilityGlobals) = postSolution
		SolutionGuid = {38A74897-C2AE-48D6-A71C-81F99DA3940A}
	EndGlobalSection
EndGlobal
